// !$*UTF8*$!
{
	archiveVersion = 1;
	classes = {
	};
	objectVersion = 46;
	objects = {

/* Begin PBXBuildFile section */
		22A78AFF1B27C8A600D38C38 /* AppDelegate.swift in Sources */ = {isa = PBXBuildFile; fileRef = 22A78AFE1B27C8A600D38C38 /* AppDelegate.swift */; };
		22A78B011B27C8A600D38C38 /* ViewController.swift in Sources */ = {isa = PBXBuildFile; fileRef = 22A78B001B27C8A600D38C38 /* ViewController.swift */; };
		22A78B041B27C8A600D38C38 /* Main.storyboard in Resources */ = {isa = PBXBuildFile; fileRef = 22A78B021B27C8A600D38C38 /* Main.storyboard */; };
		22A78B061B27C8A600D38C38 /* Images.xcassets in Resources */ = {isa = PBXBuildFile; fileRef = 22A78B051B27C8A600D38C38 /* Images.xcassets */; };
		22A78B091B27C8A600D38C38 /* LaunchScreen.xib in Resources */ = {isa = PBXBuildFile; fileRef = 22A78B071B27C8A600D38C38 /* LaunchScreen.xib */; };
		22A78B151B27C8A600D38C38 /* Swift_____Tests.swift in Sources */ = {isa = PBXBuildFile; fileRef = 22A78B141B27C8A600D38C38 /* Swift_____Tests.swift */; };
		22A78B1F1B27C93800D38C38 /* ZYCar.swift in Sources */ = {isa = PBXBuildFile; fileRef = 22A78B1E1B27C93800D38C38 /* ZYCar.swift */; };
		22A78B211B27CEC800D38C38 /* ZYCarGroup.swift in Sources */ = {isa = PBXBuildFile; fileRef = 22A78B201B27CEC800D38C38 /* ZYCarGroup.swift */; };
		22A78B231B27D1EB00D38C38 /* cars_total.plist in Resources */ = {isa = PBXBuildFile; fileRef = 22A78B221B27D1EB00D38C38 /* cars_total.plist */; };
/* End PBXBuildFile section */

/* Begin PBXContainerItemProxy section */
		22A78B0F1B27C8A600D38C38 /* PBXContainerItemProxy */ = {
			isa = PBXContainerItemProxy;
			containerPortal = 22A78AF11B27C8A600D38C38 /* Project object */;
			proxyType = 1;
			remoteGlobalIDString = 22A78AF81B27C8A600D38C38;
			remoteInfo = "Swift_汽车品牌";
		};
/* End PBXContainerItemProxy section */

/* Begin PBXFileReference section */
		22A78AF91B27C8A600D38C38 /* Swift_汽车品牌.app */ = {isa = PBXFileReference; explicitFileType = wrapper.application; includeInIndex = 0; path = "Swift_汽车品牌.app"; sourceTree = BUILT_PRODUCTS_DIR; };
		22A78AFD1B27C8A600D38C38 /* Info.plist */ = {isa = PBXFileReference; lastKnownFileType = text.plist.xml; path = Info.plist; sourceTree = "<group>"; };
		22A78AFE1B27C8A600D38C38 /* AppDelegate.swift */ = {isa = PBXFileReference; lastKnownFileType = sourcecode.swift; path = AppDelegate.swift; sourceTree = "<group>"; };
		22A78B001B27C8A600D38C38 /* ViewController.swift */ = {isa = PBXFileReference; lastKnownFileType = sourcecode.swift; path = ViewController.swift; sourceTree = "<group>"; };
		22A78B031B27C8A600D38C38 /* Base */ = {isa = PBXFileReference; lastKnownFileType = file.storyboard; name = Base; path = Base.lproj/Main.storyboard; sourceTree = "<group>"; };
		22A78B051B27C8A600D38C38 /* Images.xcassets */ = {isa = PBXFileReference; lastKnownFileType = folder.assetcatalog; path = Images.xcassets; sourceTree = "<group>"; };
		22A78B081B27C8A600D38C38 /* Base */ = {isa = PBXFileReference; lastKnownFileType = file.xib; name = Base; path = Base.lproj/LaunchScreen.xib; sourceTree = "<group>"; };
		22A78B0E1B27C8A600D38C38 /* Swift_汽车品牌Tests.xctest */ = {isa = PBXFileReference; explicitFileType = wrapper.cfbundle; includeInIndex = 0; path = "Swift_汽车品牌Tests.xctest"; sourceTree = BUILT_PRODUCTS_DIR; };
		22A78B131B27C8A600D38C38 /* Info.plist */ = {isa = PBXFileReference; lastKnownFileType = text.plist.xml; path = Info.plist; sourceTree = "<group>"; };
		22A78B141B27C8A600D38C38 /* Swift_____Tests.swift */ = {isa = PBXFileReference; lastKnownFileType = sourcecode.swift; path = "Swift_____Tests.swift"; sourceTree = "<group>"; };
		22A78B1E1B27C93800D38C38 /* ZYCar.swift */ = {isa = PBXFileReference; fileEncoding = 4; lastKnownFileType = sourcecode.swift; path = ZYCar.swift; sourceTree = "<group>"; };
		22A78B201B27CEC800D38C38 /* ZYCarGroup.swift */ = {isa = PBXFileReference; fileEncoding = 4; lastKnownFileType = sourcecode.swift; path = ZYCarGroup.swift; sourceTree = "<group>"; };
		22A78B221B27D1EB00D38C38 /* cars_total.plist */ = {isa = PBXFileReference; fileEncoding = 4; lastKnownFileType = text.plist.xml; path = cars_total.plist; sourceTree = "<group>"; };
/* End PBXFileReference section */

/* Begin PBXFrameworksBuildPhase section */
		22A78AF61B27C8A600D38C38 /* Frameworks */ = {
			isa = PBXFrameworksBuildPhase;
			buildActionMask = 2147483647;
			files = (
			);
			runOnlyForDeploymentPostprocessing = 0;
		};
		22A78B0B1B27C8A600D38C38 /* Frameworks */ = {
			isa = PBXFrameworksBuildPhase;
			buildActionMask = 2147483647;
			files = (
			);
			runOnlyForDeploymentPostprocessing = 0;
		};
/* End PBXFrameworksBuildPhase section */

/* Begin PBXGroup section */
		22A78AF01B27C8A600D38C38 = {
			isa = PBXGroup;
			children = (
				22A78AFB1B27C8A600D38C38 /* Swift_汽车品牌 */,
				22A78B111B27C8A600D38C38 /* Swift_汽车品牌Tests */,
				22A78AFA1B27C8A600D38C38 /* Products */,
			);
			sourceTree = "<group>";
		};
		22A78AFA1B27C8A600D38C38 /* Products */ = {
			isa = PBXGroup;
			children = (
				22A78AF91B27C8A600D38C38 /* Swift_汽车品牌.app */,
				22A78B0E1B27C8A600D38C38 /* Swift_汽车品牌Tests.xctest */,
			);
			name = Products;
			sourceTree = "<group>";
		};
		22A78AFB1B27C8A600D38C38 /* Swift_汽车品牌 */ = {
			isa = PBXGroup;
			children = (
				22A78AFE1B27C8A600D38C38 /* AppDelegate.swift */,
				22A78B001B27C8A600D38C38 /* ViewController.swift */,
				22A78B1E1B27C93800D38C38 /* ZYCar.swift */,
				22A78B201B27CEC800D38C38 /* ZYCarGroup.swift */,
				22A78B021B27C8A600D38C38 /* Main.storyboard */,
				22A78B051B27C8A600D38C38 /* Images.xcassets */,
				22A78B071B27C8A600D38C38 /* LaunchScreen.xib */,
				22A78B221B27D1EB00D38C38 /* cars_total.plist */,
				22A78AFC1B27C8A600D38C38 /* Supporting Files */,
			);
			path = "Swift_汽车品牌";
			sourceTree = "<group>";
		};
		22A78AFC1B27C8A600D38C38 /* Supporting Files */ = {
			isa = PBXGroup;
			children = (
				22A78AFD1B27C8A600D38C38 /* Info.plist */,
			);
			name = "Supporting Files";
			sourceTree = "<group>";
		};
		22A78B111B27C8A600D38C38 /* Swift_汽车品牌Tests */ = {
			isa = PBXGroup;
			children = (
				22A78B141B27C8A600D38C38 /* Swift_____Tests.swift */,
				22A78B121B27C8A600D38C38 /* Supporting Files */,
			);
			path = "Swift_汽车品牌Tests";
			sourceTree = "<group>";
		};
		22A78B121B27C8A600D38C38 /* Supporting Files */ = {
			isa = PBXGroup;
			children = (
				22A78B131B27C8A600D38C38 /* Info.plist */,
			);
			name = "Supporting Files";
			sourceTree = "<group>";
		};
/* End PBXGroup section */

/* Begin PBXNativeTarget section */
		22A78AF81B27C8A600D38C38 /* Swift_汽车品牌 */ = {
			isa = PBXNativeTarget;
			buildConfigurationList = 22A78B181B27C8A600D38C38 /* Build configuration list for PBXNativeTarget "Swift_汽车品牌" */;
			buildPhases = (
				22A78AF51B27C8A600D38C38 /* Sources */,
				22A78AF61B27C8A600D38C38 /* Frameworks */,
				22A78AF71B27C8A600D38C38 /* Resources */,
			);
			buildRules = (
			);
			dependencies = (
			);
			name = "Swift_汽车品牌";
			productName = "Swift_汽车品牌";
			productReference = 22A78AF91B27C8A600D38C38 /* Swift_汽车品牌.app */;
			productType = "com.apple.product-type.application";
		};
		22A78B0D1B27C8A600D38C38 /* Swift_汽车品牌Tests */ = {
			isa = PBXNativeTarget;
			buildConfigurationList = 22A78B1B1B27C8A600D38C38 /* Build configuration list for PBXNativeTarget "Swift_汽车品牌Tests" */;
			buildPhases = (
				22A78B0A1B27C8A600D38C38 /* Sources */,
				22A78B0B1B27C8A600D38C38 /* Frameworks */,
				22A78B0C1B27C8A600D38C38 /* Resources */,
			);
			buildRules = (
			);
			dependencies = (
				22A78B101B27C8A600D38C38 /* PBXTargetDependency */,
			);
			name = "Swift_汽车品牌Tests";
			productName = "Swift_汽车品牌Tests";
			productReference = 22A78B0E1B27C8A600D38C38 /* Swift_汽车品牌Tests.xctest */;
			productType = "com.apple.product-type.bundle.unit-test";
		};
/* End PBXNativeTarget section */

/* Begin PBXProject section */
		22A78AF11B27C8A600D38C38 /* Project object */ = {
			isa = PBXProject;
			attributes = {
				LastUpgradeCheck = 0630;
				ORGANIZATIONNAME = iOS_DevZhangYu;
				TargetAttributes = {
					22A78AF81B27C8A600D38C38 = {
						CreatedOnToolsVersion = 6.3.2;
					};
					22A78B0D1B27C8A600D38C38 = {
						CreatedOnToolsVersion = 6.3.2;
						TestTargetID = 22A78AF81B27C8A600D38C38;
					};
				};
			};
			buildConfigurationList = 22A78AF41B27C8A600D38C38 /* Build configuration list for PBXProject "Swift_汽车品牌" */;
			compatibilityVersion = "Xcode 3.2";
			developmentRegion = English;
			hasScannedForEncodings = 0;
			knownRegions = (
				en,
				Base,
			);
			mainGroup = 22A78AF01B27C8A600D38C38;
			productRefGroup = 22A78AFA1B27C8A600D38C38 /* Products */;
			projectDirPath = "";
			projectRoot = "";
			targets = (
				22A78AF81B27C8A600D38C38 /* Swift_汽车品牌 */,
				22A78B0D1B27C8A600D38C38 /* Swift_汽车品牌Tests */,
			);
		};
/* End PBXProject section */

/* Begin PBXResourcesBuildPhase section */
		22A78AF71B27C8A600D38C38 /* Resources */ = {
			isa = PBXResourcesBuildPhase;
			buildActionMask = 2147483647;
			files = (
				22A78B041B27C8A600D38C38 /* Main.storyboard in Resources */,
				22A78B091B27C8A600D38C38 /* LaunchScreen.xib in Resources */,
				22A78B231B27D1EB00D38C38 /* cars_total.plist in Resources */,
				22A78B061B27C8A600D38C38 /* Images.xcassets in Resources */,
			);
			runOnlyForDeploymentPostprocessing = 0;
		};
		22A78B0C1B27C8A600D38C38 /* Resources */ = {
			isa = PBXResourcesBuildPhase;
			buildActionMask = 2147483647;
			files = (
			);
			runOnlyForDeploymentPostprocessing = 0;
		};
/* End PBXResourcesBuildPhase section */

/* Begin PBXSourcesBuildPhase section */
		22A78AF51B27C8A600D38C38 /* Sources */ = {
			isa = PBXSourcesBuildPhase;
			buildActionMask = 2147483647;
			files = (
				22A78B011B27C8A600D38C38 /* ViewController.swift in Sources */,
				22A78B211B27CEC800D38C38 /* ZYCarGroup.swift in Sources */,
				22A78B1F1B27C93800D38C38 /* ZYCar.swift in Sources */,
				22A78AFF1B27C8A600D38C38 /* AppDelegate.swift in Sources */,
			);
			runOnlyForDeploymentPostprocessing = 0;
		};
		22A78B0A1B27C8A600D38C38 /* Sources */ = {
			isa = PBXSourcesBuildPhase;
			buildActionMask = 2147483647;
			files = (
				22A78B151B27C8A600D38C38 /* Swift_____Tests.swift in Sources */,
			);
			runOnlyForDeploymentPostprocessing = 0;
		};
/* End PBXSourcesBuildPhase section */

/* Begin PBXTargetDependency section */
		22A78B101B27C8A600D38C38 /* PBXTargetDependency */ = {
			isa = PBXTargetDependency;
			target = 22A78AF81B27C8A600D38C38 /* Swift_汽车品牌 */;
			targetProxy = 22A78B0F1B27C8A600D38C38 /* PBXContainerItemProxy */;
		};
/* End PBXTargetDependency section */

/* Begin PBXVariantGroup section */
		22A78B021B27C8A600D38C38 /* Main.storyboard */ = {
			isa = PBXVariantGroup;
			children = (
				22A78B031B27C8A600D38C38 /* Base */,
			);
			name = Main.storyboard;
			sourceTree = "<group>";
		};
		22A78B071B27C8A600D38C38 /* LaunchScreen.xib */ = {
			isa = PBXVariantGroup;
			children = (
				22A78B081B27C8A600D38C38 /* Base */,
			);
			name = LaunchScreen.xib;
			sourceTree = "<group>";
		};
/* End PBXVariantGroup section */

/* Begin XCBuildConfiguration section */
		22A78B161B27C8A600D38C38 /* Debug */ = {
			isa = XCBuildConfiguration;
			buildSettings = {
				ALWAYS_SEARCH_USER_PATHS = NO;
				CLANG_CXX_LANGUAGE_STANDARD = "gnu++0x";
				CLANG_CXX_LIBRARY = "libc++";
				CLANG_ENABLE_MODULES = YES;
				CLANG_ENABLE_OBJC_ARC = YES;
				CLANG_WARN_BOOL_CONVERSION = YES;
				CLANG_WARN_CONSTANT_CONVERSION = YES;
				CLANG_WARN_DIRECT_OBJC_ISA_USAGE = YES_ERROR;
				CLANG_WARN_EMPTY_BODY = YES;
				CLANG_WARN_ENUM_CONVERSION = YES;
				CLANG_WARN_INT_CONVERSION = YES;
				CLANG_WARN_OBJC_ROOT_CLASS = YES_ERROR;
				CLANG_WARN_UNREACHABLE_CODE = YES;
				CLANG_WARN__DUPLICATE_METHOD_MATCH = YES;
				"CODE_SIGN_IDENTITY[sdk=iphoneos*]" = "iPhone Developer";
				COPY_PHASE_STRIP = NO;
				DEBUG_INFORMATION_FORMAT = "dwarf-with-dsym";
				ENABLE_STRICT_OBJC_MSGSEND = YES;
				GCC_C_LANGUAGE_STANDARD = gnu99;
				GCC_DYNAMIC_NO_PIC = NO;
				GCC_NO_COMMON_BLOCKS = YES;
				GCC_OPTIMIZATION_LEVEL = 0;
				GCC_PREPROCESSOR_DEFINITIONS = (
					"DEBUG=1",
					"$(inherited)",
				);
				GCC_SYMBOLS_PRIVATE_EXTERN = NO;
				GCC_WARN_64_TO_32_BIT_CONVERSION = YES;
				GCC_WARN_ABOUT_RETURN_TYPE = YES_ERROR;
				GCC_WARN_UNDECLARED_SELECTOR = YES;
				GCC_WARN_UNINITIALIZED_AUTOS = YES_AGGRESSIVE;
				GCC_WARN_UNUSED_FUNCTION = YES;
				GCC_WARN_UNUSED_VARIABLE = YES;
				IPHONEOS_DEPLOYMENT_TARGET = 8.3;
				MTL_ENABLE_DEBUG_INFO = YES;
				ONLY_ACTIVE_ARCH = YES;
				SDKROOT = iphoneos;
				SWIFT_OPTIMIZATION_LEVEL = "-Onone";
			};
			name = Debug;
		};
		22A78B171B27C8A600D38C38 /* Release */ = {
			isa = XCBuildConfiguration;
			buildSettings = {
				ALWAYS_SEARCH_USER_PATHS = NO;
				CLANG_CXX_LANGUAGE_STANDARD = "gnu++0x";
				CLANG_CXX_LIBRARY = "libc++";
				CLANG_ENABLE_MODULES = YES;
				CLANG_ENABLE_OBJC_ARC = YES;
				CLANG_WARN_BOOL_CONVERSION = YES;
				CLANG_WARN_CONSTANT_CONVERSION = YES;
				CLANG_WARN_DIRECT_OBJC_ISA_USAGE = YES_ERROR;
				CLANG_WARN_EMPTY_BODY = YES;
				CLANG_WARN_ENUM_CONVERSION = YES;
				CLANG_WARN_INT_CONVERSION = YES;
				CLANG_WARN_OBJC_ROOT_CLASS = YES_ERROR;
				CLANG_WARN_UNREACHABLE_CODE = YES;
				CLANG_WARN__DUPLICATE_METHOD_MATCH = YES;
				"CODE_SIGN_IDENTITY[sdk=iphoneos*]" = "iPhone Developer";
				COPY_PHASE_STRIP = NO;
				DEBUG_INFORMATION_FORMAT = "dwarf-with-dsym";
				ENABLE_NS_ASSERTIONS = NO;
				ENABLE_STRICT_OBJC_MSGSEND = YES;
				GCC_C_LANGUAGE_STANDARD = gnu99;
				GCC_NO_COMMON_BLOCKS = YES;
				GCC_WARN_64_TO_32_BIT_CONVERSION = YES;
				GCC_WARN_ABOUT_RETURN_TYPE = YES_ERROR;
				GCC_WARN_UNDECLARED_SELECTOR = YES;
				GCC_WARN_UNINITIALIZED_AUTOS = YES_AGGRESSIVE;
				GCC_WARN_UNUSED_FUNCTION = YES;
				GCC_WARN_UNUSED_VARIABLE = YES;
				IPHONEOS_DEPLOYMENT_TARGET = 8.3;
				MTL_ENABLE_DEBUG_INFO = NO;
				SDKROOT = iphoneos;
				VALIDATE_PRODUCT = YES;
			};
			name = Release;
		};
		22A78B191B27C8A600D38C38 /* Debug */ = {
			isa = XCBuildConfiguration;
			buildSettings = {
				ASSETCATALOG_COMPILER_APPICON_NAME = AppIcon;
				INFOPLIST_FILE = "Swift_汽车品牌/Info.plist";
				LD_RUNPATH_SEARCH_PATHS = "$(inherited) @executable_path/Frameworks";
				PRODUCT_NAME = "$(TARGET_NAME)";
			};
			name = Debug;
		};
		22A78B1A1B27C8A600D38C38 /* Release */ = {
			isa = XCBuildConfiguration;
			buildSettings = {
				ASSETCATALOG_COMPILER_APPICON_NAME = AppIcon;
				INFOPLIST_FILE = "Swift_汽车品牌/Info.plist";
				LD_RUNPATH_SEARCH_PATHS = "$(inherited) @executable_path/Frameworks";
				PRODUCT_NAME = "$(TARGET_NAME)";
			};
			name = Release;
		};
		22A78B1C1B27C8A600D38C38 /* Debug */ = {
			isa = XCBuildConfiguration;
			buildSettings = {
				BUNDLE_LOADER = "$(TEST_HOST)";
				FRAMEWORK_SEARCH_PATHS = (
					"$(SDKROOT)/Developer/Library/Frameworks",
					"$(inherited)",
				);
				GCC_PREPROCESSOR_DEFINITIONS = (
					"DEBUG=1",
					"$(inherited)",
				);
				INFOPLIST_FILE = "Swift_汽车品牌Tests/Info.plist";
				LD_RUNPATH_SEARCH_PATHS = "$(inherited) @executable_path/Frameworks @loader_path/Frameworks";
				PRODUCT_NAME = "$(TARGET_NAME)";
				TEST_HOST = "$(BUILT_PRODUCTS_DIR)/Swift_汽车品牌.app/Swift_汽车品牌";
			};
			name = Debug;
		};
		22A78B1D1B27C8A600D38C38 /* Release */ = {
			isa = XCBuildConfiguration;
			buildSettings = {
				BUNDLE_LOADER = "$(TEST_HOST)";
				FRAMEWORK_SEARCH_PATHS = (
					"$(SDKROOT)/Developer/Library/Frameworks",
					"$(inherited)",
				);
				INFOPLIST_FILE = "Swift_汽车品牌Tests/Info.plist";
				LD_RUNPATH_SEARCH_PATHS = "$(inherited) @executable_path/Frameworks @loader_path/Frameworks";
				PRODUCT_NAME = "$(TARGET_NAME)";
				TEST_HOST = "$(BUILT_PRODUCTS_DIR)/Swift_汽车品牌.app/Swift_汽车品牌";
			};
			name = Release;
		};
/* End XCBuildConfiguration section */

/* Begin XCConfigurationList section */
		22A78AF41B27C8A600D38C38 /* Build configuration list for PBXProject "Swift_汽车品牌" */ = {
			isa = XCConfigurationList;
			buildConfigurations = (
				22A78B161B27C8A600D38C38 /* Debug */,
				22A78B171B27C8A600D38C38 /* Release */,
			);
			defaultConfigurationIsVisible = 0;
			defaultConfigurationName = Release;
		};
		22A78B181B27C8A600D38C38 /* Build configuration list for PBXNativeTarget "Swift_汽车品牌" */ = {
			isa = XCConfigurationList;
			buildConfigurations = (
				22A78B191B27C8A600D38C38 /* Debug */,
				22A78B1A1B27C8A600D38C38 /* Release */,
			);
			defaultConfigurationIsVisible = 0;
		};
		22A78B1B1B27C8A600D38C38 /* Build configuration list for PBXNativeTarget "Swift_汽车品牌Tests" */ = {
			isa = XCConfigurationList;
			buildConfigurations = (
				22A78B1C1B27C8A600D38C38 /* Debug */,
				22A78B1D1B27C8A600D38C38 /* Release */,
			);
			defaultConfigurationIsVisible = 0;
		};
/* End XCConfigurationList section */
	};
	rootObject = 22A78AF11B27C8A600D38C38 /* Project object */;
}
