// !$*UTF8*$!
{
	archiveVersion = 1;
	classes = {
	};
	objectVersion = 46;
	objects = {

/* Begin PBXBuildFile section */
		22C2737B1B1D40B100E0D23A /* AppDelegate.swift in Sources */ = {isa = PBXBuildFile; fileRef = 22C2737A1B1D40B100E0D23A /* AppDelegate.swift */; };
		22C2737D1B1D40B100E0D23A /* ViewController.swift in Sources */ = {isa = PBXBuildFile; fileRef = 22C2737C1B1D40B100E0D23A /* ViewController.swift */; };
		22C273801B1D40B100E0D23A /* Main.storyboard in Resources */ = {isa = PBXBuildFile; fileRef = 22C2737E1B1D40B100E0D23A /* Main.storyboard */; };
		22C273821B1D40B100E0D23A /* Images.xcassets in Resources */ = {isa = PBXBuildFile; fileRef = 22C273811B1D40B100E0D23A /* Images.xcassets */; };
		22C273851B1D40B100E0D23A /* LaunchScreen.xib in Resources */ = {isa = PBXBuildFile; fileRef = 22C273831B1D40B100E0D23A /* LaunchScreen.xib */; };
		22C273911B1D40B100E0D23A /* Swift______Tests.swift in Sources */ = {isa = PBXBuildFile; fileRef = 22C273901B1D40B100E0D23A /* Swift______Tests.swift */; };
		22C2740C1B1D913400E0D23A /* aaa2.png in Resources */ = {isa = PBXBuildFile; fileRef = 22C274071B1D913400E0D23A /* aaa2.png */; };
		22C2740D1B1D913400E0D23A /* aaa4.png in Resources */ = {isa = PBXBuildFile; fileRef = 22C274081B1D913400E0D23A /* aaa4.png */; };
		22C2740E1B1D913400E0D23A /* aaa5.png in Resources */ = {isa = PBXBuildFile; fileRef = 22C274091B1D913400E0D23A /* aaa5.png */; };
		22C2740F1B1D913400E0D23A /* aaa1.png in Resources */ = {isa = PBXBuildFile; fileRef = 22C2740A1B1D913400E0D23A /* aaa1.png */; };
		22C274101B1D913400E0D23A /* aaa3.png in Resources */ = {isa = PBXBuildFile; fileRef = 22C2740B1B1D913400E0D23A /* aaa3.png */; };
/* End PBXBuildFile section */

/* Begin PBXContainerItemProxy section */
		22C2738B1B1D40B100E0D23A /* PBXContainerItemProxy */ = {
			isa = PBXContainerItemProxy;
			containerPortal = 22C2736D1B1D40B100E0D23A /* Project object */;
			proxyType = 1;
			remoteGlobalIDString = 22C273741B1D40B100E0D23A;
			remoteInfo = "Swift_图片轮播器";
		};
/* End PBXContainerItemProxy section */

/* Begin PBXFileReference section */
		22C273751B1D40B100E0D23A /* Swift_图片轮播器.app */ = {isa = PBXFileReference; explicitFileType = wrapper.application; includeInIndex = 0; path = "Swift_图片轮播器.app"; sourceTree = BUILT_PRODUCTS_DIR; };
		22C273791B1D40B100E0D23A /* Info.plist */ = {isa = PBXFileReference; lastKnownFileType = text.plist.xml; path = Info.plist; sourceTree = "<group>"; };
		22C2737A1B1D40B100E0D23A /* AppDelegate.swift */ = {isa = PBXFileReference; lastKnownFileType = sourcecode.swift; path = AppDelegate.swift; sourceTree = "<group>"; };
		22C2737C1B1D40B100E0D23A /* ViewController.swift */ = {isa = PBXFileReference; lastKnownFileType = sourcecode.swift; path = ViewController.swift; sourceTree = "<group>"; };
		22C2737F1B1D40B100E0D23A /* Base */ = {isa = PBXFileReference; lastKnownFileType = file.storyboard; name = Base; path = Base.lproj/Main.storyboard; sourceTree = "<group>"; };
		22C273811B1D40B100E0D23A /* Images.xcassets */ = {isa = PBXFileReference; lastKnownFileType = folder.assetcatalog; path = Images.xcassets; sourceTree = "<group>"; };
		22C273841B1D40B100E0D23A /* Base */ = {isa = PBXFileReference; lastKnownFileType = file.xib; name = Base; path = Base.lproj/LaunchScreen.xib; sourceTree = "<group>"; };
		22C2738A1B1D40B100E0D23A /* Swift_图片轮播器Tests.xctest */ = {isa = PBXFileReference; explicitFileType = wrapper.cfbundle; includeInIndex = 0; path = "Swift_图片轮播器Tests.xctest"; sourceTree = BUILT_PRODUCTS_DIR; };
		22C2738F1B1D40B100E0D23A /* Info.plist */ = {isa = PBXFileReference; lastKnownFileType = text.plist.xml; path = Info.plist; sourceTree = "<group>"; };
		22C273901B1D40B100E0D23A /* Swift______Tests.swift */ = {isa = PBXFileReference; lastKnownFileType = sourcecode.swift; path = "Swift______Tests.swift"; sourceTree = "<group>"; };
		22C274071B1D913400E0D23A /* aaa2.png */ = {isa = PBXFileReference; lastKnownFileType = image.png; path = aaa2.png; sourceTree = "<group>"; };
		22C274081B1D913400E0D23A /* aaa4.png */ = {isa = PBXFileReference; lastKnownFileType = image.png; path = aaa4.png; sourceTree = "<group>"; };
		22C274091B1D913400E0D23A /* aaa5.png */ = {isa = PBXFileReference; lastKnownFileType = image.png; path = aaa5.png; sourceTree = "<group>"; };
		22C2740A1B1D913400E0D23A /* aaa1.png */ = {isa = PBXFileReference; lastKnownFileType = image.png; path = aaa1.png; sourceTree = "<group>"; };
		22C2740B1B1D913400E0D23A /* aaa3.png */ = {isa = PBXFileReference; lastKnownFileType = image.png; path = aaa3.png; sourceTree = "<group>"; };
/* End PBXFileReference section */

/* Begin PBXFrameworksBuildPhase section */
		22C273721B1D40B100E0D23A /* Frameworks */ = {
			isa = PBXFrameworksBuildPhase;
			buildActionMask = 2147483647;
			files = (
			);
			runOnlyForDeploymentPostprocessing = 0;
		};
		22C273871B1D40B100E0D23A /* Frameworks */ = {
			isa = PBXFrameworksBuildPhase;
			buildActionMask = 2147483647;
			files = (
			);
			runOnlyForDeploymentPostprocessing = 0;
		};
/* End PBXFrameworksBuildPhase section */

/* Begin PBXGroup section */
		22C2736C1B1D40B100E0D23A = {
			isa = PBXGroup;
			children = (
				22C273771B1D40B100E0D23A /* Swift_图片轮播器 */,
				22C2738D1B1D40B100E0D23A /* Swift_图片轮播器Tests */,
				22C273761B1D40B100E0D23A /* Products */,
			);
			sourceTree = "<group>";
		};
		22C273761B1D40B100E0D23A /* Products */ = {
			isa = PBXGroup;
			children = (
				22C273751B1D40B100E0D23A /* Swift_图片轮播器.app */,
				22C2738A1B1D40B100E0D23A /* Swift_图片轮播器Tests.xctest */,
			);
			name = Products;
			sourceTree = "<group>";
		};
		22C273771B1D40B100E0D23A /* Swift_图片轮播器 */ = {
			isa = PBXGroup;
			children = (
				22C2737A1B1D40B100E0D23A /* AppDelegate.swift */,
				22C2737C1B1D40B100E0D23A /* ViewController.swift */,
				22C2737E1B1D40B100E0D23A /* Main.storyboard */,
				22C274071B1D913400E0D23A /* aaa2.png */,
				22C274081B1D913400E0D23A /* aaa4.png */,
				22C274091B1D913400E0D23A /* aaa5.png */,
				22C2740A1B1D913400E0D23A /* aaa1.png */,
				22C2740B1B1D913400E0D23A /* aaa3.png */,
				22C273811B1D40B100E0D23A /* Images.xcassets */,
				22C273831B1D40B100E0D23A /* LaunchScreen.xib */,
				22C273781B1D40B100E0D23A /* Supporting Files */,
			);
			path = "Swift_图片轮播器";
			sourceTree = "<group>";
		};
		22C273781B1D40B100E0D23A /* Supporting Files */ = {
			isa = PBXGroup;
			children = (
				22C273791B1D40B100E0D23A /* Info.plist */,
			);
			name = "Supporting Files";
			sourceTree = "<group>";
		};
		22C2738D1B1D40B100E0D23A /* Swift_图片轮播器Tests */ = {
			isa = PBXGroup;
			children = (
				22C273901B1D40B100E0D23A /* Swift______Tests.swift */,
				22C2738E1B1D40B100E0D23A /* Supporting Files */,
			);
			path = "Swift_图片轮播器Tests";
			sourceTree = "<group>";
		};
		22C2738E1B1D40B100E0D23A /* Supporting Files */ = {
			isa = PBXGroup;
			children = (
				22C2738F1B1D40B100E0D23A /* Info.plist */,
			);
			name = "Supporting Files";
			sourceTree = "<group>";
		};
/* End PBXGroup section */

/* Begin PBXNativeTarget section */
		22C273741B1D40B100E0D23A /* Swift_图片轮播器 */ = {
			isa = PBXNativeTarget;
			buildConfigurationList = 22C273941B1D40B100E0D23A /* Build configuration list for PBXNativeTarget "Swift_图片轮播器" */;
			buildPhases = (
				22C273711B1D40B100E0D23A /* Sources */,
				22C273721B1D40B100E0D23A /* Frameworks */,
				22C273731B1D40B100E0D23A /* Resources */,
			);
			buildRules = (
			);
			dependencies = (
			);
			name = "Swift_图片轮播器";
			productName = "Swift_图片轮播器";
			productReference = 22C273751B1D40B100E0D23A /* Swift_图片轮播器.app */;
			productType = "com.apple.product-type.application";
		};
		22C273891B1D40B100E0D23A /* Swift_图片轮播器Tests */ = {
			isa = PBXNativeTarget;
			buildConfigurationList = 22C273971B1D40B100E0D23A /* Build configuration list for PBXNativeTarget "Swift_图片轮播器Tests" */;
			buildPhases = (
				22C273861B1D40B100E0D23A /* Sources */,
				22C273871B1D40B100E0D23A /* Frameworks */,
				22C273881B1D40B100E0D23A /* Resources */,
			);
			buildRules = (
			);
			dependencies = (
				22C2738C1B1D40B100E0D23A /* PBXTargetDependency */,
			);
			name = "Swift_图片轮播器Tests";
			productName = "Swift_图片轮播器Tests";
			productReference = 22C2738A1B1D40B100E0D23A /* Swift_图片轮播器Tests.xctest */;
			productType = "com.apple.product-type.bundle.unit-test";
		};
/* End PBXNativeTarget section */

/* Begin PBXProject section */
		22C2736D1B1D40B100E0D23A /* Project object */ = {
			isa = PBXProject;
			attributes = {
				LastSwiftMigration = 0700;
				LastSwiftUpdateCheck = 0700;
				LastUpgradeCheck = 0630;
				ORGANIZATIONNAME = iOS_DevZhangYu;
				TargetAttributes = {
					22C273741B1D40B100E0D23A = {
						CreatedOnToolsVersion = 6.3.1;
					};
					22C273891B1D40B100E0D23A = {
						CreatedOnToolsVersion = 6.3.1;
						TestTargetID = 22C273741B1D40B100E0D23A;
					};
				};
			};
			buildConfigurationList = 22C273701B1D40B100E0D23A /* Build configuration list for PBXProject "Swift_图片轮播器" */;
			compatibilityVersion = "Xcode 3.2";
			developmentRegion = English;
			hasScannedForEncodings = 0;
			knownRegions = (
				en,
				Base,
			);
			mainGroup = 22C2736C1B1D40B100E0D23A;
			productRefGroup = 22C273761B1D40B100E0D23A /* Products */;
			projectDirPath = "";
			projectRoot = "";
			targets = (
				22C273741B1D40B100E0D23A /* Swift_图片轮播器 */,
				22C273891B1D40B100E0D23A /* Swift_图片轮播器Tests */,
			);
		};
/* End PBXProject section */

/* Begin PBXResourcesBuildPhase section */
		22C273731B1D40B100E0D23A /* Resources */ = {
			isa = PBXResourcesBuildPhase;
			buildActionMask = 2147483647;
			files = (
				22C2740C1B1D913400E0D23A /* aaa2.png in Resources */,
				22C2740F1B1D913400E0D23A /* aaa1.png in Resources */,
				22C273801B1D40B100E0D23A /* Main.storyboard in Resources */,
				22C274101B1D913400E0D23A /* aaa3.png in Resources */,
				22C2740D1B1D913400E0D23A /* aaa4.png in Resources */,
				22C2740E1B1D913400E0D23A /* aaa5.png in Resources */,
				22C273851B1D40B100E0D23A /* LaunchScreen.xib in Resources */,
				22C273821B1D40B100E0D23A /* Images.xcassets in Resources */,
			);
			runOnlyForDeploymentPostprocessing = 0;
		};
		22C273881B1D40B100E0D23A /* Resources */ = {
			isa = PBXResourcesBuildPhase;
			buildActionMask = 2147483647;
			files = (
			);
			runOnlyForDeploymentPostprocessing = 0;
		};
/* End PBXResourcesBuildPhase section */

/* Begin PBXSourcesBuildPhase section */
		22C273711B1D40B100E0D23A /* Sources */ = {
			isa = PBXSourcesBuildPhase;
			buildActionMask = 2147483647;
			files = (
				22C2737D1B1D40B100E0D23A /* ViewController.swift in Sources */,
				22C2737B1B1D40B100E0D23A /* AppDelegate.swift in Sources */,
			);
			runOnlyForDeploymentPostprocessing = 0;
		};
		22C273861B1D40B100E0D23A /* Sources */ = {
			isa = PBXSourcesBuildPhase;
			buildActionMask = 2147483647;
			files = (
				22C273911B1D40B100E0D23A /* Swift______Tests.swift in Sources */,
			);
			runOnlyForDeploymentPostprocessing = 0;
		};
/* End PBXSourcesBuildPhase section */

/* Begin PBXTargetDependency section */
		22C2738C1B1D40B100E0D23A /* PBXTargetDependency */ = {
			isa = PBXTargetDependency;
			target = 22C273741B1D40B100E0D23A /* Swift_图片轮播器 */;
			targetProxy = 22C2738B1B1D40B100E0D23A /* PBXContainerItemProxy */;
		};
/* End PBXTargetDependency section */

/* Begin PBXVariantGroup section */
		22C2737E1B1D40B100E0D23A /* Main.storyboard */ = {
			isa = PBXVariantGroup;
			children = (
				22C2737F1B1D40B100E0D23A /* Base */,
			);
			name = Main.storyboard;
			sourceTree = "<group>";
		};
		22C273831B1D40B100E0D23A /* LaunchScreen.xib */ = {
			isa = PBXVariantGroup;
			children = (
				22C273841B1D40B100E0D23A /* Base */,
			);
			name = LaunchScreen.xib;
			sourceTree = "<group>";
		};
/* End PBXVariantGroup section */

/* Begin XCBuildConfiguration section */
		22C273921B1D40B100E0D23A /* Debug */ = {
			isa = XCBuildConfiguration;
			buildSettings = {
				ALWAYS_SEARCH_USER_PATHS = NO;
				CLANG_CXX_LANGUAGE_STANDARD = "gnu++0x";
				CLANG_CXX_LIBRARY = "libc++";
				CLANG_ENABLE_MODULES = YES;
				CLANG_ENABLE_OBJC_ARC = YES;
				CLANG_WARN_BOOL_CONVERSION = YES;
				CLANG_WARN_CONSTANT_CONVERSION = YES;
				CLANG_WARN_DIRECT_OBJC_ISA_USAGE = YES_ERROR;
				CLANG_WARN_EMPTY_BODY = YES;
				CLANG_WARN_ENUM_CONVERSION = YES;
				CLANG_WARN_INT_CONVERSION = YES;
				CLANG_WARN_OBJC_ROOT_CLASS = YES_ERROR;
				CLANG_WARN_UNREACHABLE_CODE = YES;
				CLANG_WARN__DUPLICATE_METHOD_MATCH = YES;
				"CODE_SIGN_IDENTITY[sdk=iphoneos*]" = "iPhone Developer";
				COPY_PHASE_STRIP = NO;
				DEBUG_INFORMATION_FORMAT = "dwarf-with-dsym";
				ENABLE_STRICT_OBJC_MSGSEND = YES;
				GCC_C_LANGUAGE_STANDARD = gnu99;
				GCC_DYNAMIC_NO_PIC = NO;
				GCC_NO_COMMON_BLOCKS = YES;
				GCC_OPTIMIZATION_LEVEL = 0;
				GCC_PREPROCESSOR_DEFINITIONS = (
					"DEBUG=1",
					"$(inherited)",
				);
				GCC_SYMBOLS_PRIVATE_EXTERN = NO;
				GCC_WARN_64_TO_32_BIT_CONVERSION = YES;
				GCC_WARN_ABOUT_RETURN_TYPE = YES_ERROR;
				GCC_WARN_UNDECLARED_SELECTOR = YES;
				GCC_WARN_UNINITIALIZED_AUTOS = YES_AGGRESSIVE;
				GCC_WARN_UNUSED_FUNCTION = YES;
				GCC_WARN_UNUSED_VARIABLE = YES;
				IPHONEOS_DEPLOYMENT_TARGET = 8.3;
				MTL_ENABLE_DEBUG_INFO = YES;
				ONLY_ACTIVE_ARCH = YES;
				SDKROOT = iphoneos;
				SWIFT_OPTIMIZATION_LEVEL = "-Onone";
				TARGETED_DEVICE_FAMILY = "1,2";
			};
			name = Debug;
		};
		22C273931B1D40B100E0D23A /* Release */ = {
			isa = XCBuildConfiguration;
			buildSettings = {
				ALWAYS_SEARCH_USER_PATHS = NO;
				CLANG_CXX_LANGUAGE_STANDARD = "gnu++0x";
				CLANG_CXX_LIBRARY = "libc++";
				CLANG_ENABLE_MODULES = YES;
				CLANG_ENABLE_OBJC_ARC = YES;
				CLANG_WARN_BOOL_CONVERSION = YES;
				CLANG_WARN_CONSTANT_CONVERSION = YES;
				CLANG_WARN_DIRECT_OBJC_ISA_USAGE = YES_ERROR;
				CLANG_WARN_EMPTY_BODY = YES;
				CLANG_WARN_ENUM_CONVERSION = YES;
				CLANG_WARN_INT_CONVERSION = YES;
				CLANG_WARN_OBJC_ROOT_CLASS = YES_ERROR;
				CLANG_WARN_UNREACHABLE_CODE = YES;
				CLANG_WARN__DUPLICATE_METHOD_MATCH = YES;
				"CODE_SIGN_IDENTITY[sdk=iphoneos*]" = "iPhone Developer";
				COPY_PHASE_STRIP = NO;
				DEBUG_INFORMATION_FORMAT = "dwarf-with-dsym";
				ENABLE_NS_ASSERTIONS = NO;
				ENABLE_STRICT_OBJC_MSGSEND = YES;
				GCC_C_LANGUAGE_STANDARD = gnu99;
				GCC_NO_COMMON_BLOCKS = YES;
				GCC_WARN_64_TO_32_BIT_CONVERSION = YES;
				GCC_WARN_ABOUT_RETURN_TYPE = YES_ERROR;
				GCC_WARN_UNDECLARED_SELECTOR = YES;
				GCC_WARN_UNINITIALIZED_AUTOS = YES_AGGRESSIVE;
				GCC_WARN_UNUSED_FUNCTION = YES;
				GCC_WARN_UNUSED_VARIABLE = YES;
				IPHONEOS_DEPLOYMENT_TARGET = 8.3;
				MTL_ENABLE_DEBUG_INFO = NO;
				SDKROOT = iphoneos;
				TARGETED_DEVICE_FAMILY = "1,2";
				VALIDATE_PRODUCT = YES;
			};
			name = Release;
		};
		22C273951B1D40B100E0D23A /* Debug */ = {
			isa = XCBuildConfiguration;
			buildSettings = {
				ASSETCATALOG_COMPILER_APPICON_NAME = AppIcon;
				INFOPLIST_FILE = "Swift_图片轮播器/Info.plist";
				LD_RUNPATH_SEARCH_PATHS = "$(inherited) @executable_path/Frameworks";
				PRODUCT_NAME = "$(TARGET_NAME)";
			};
			name = Debug;
		};
		22C273961B1D40B100E0D23A /* Release */ = {
			isa = XCBuildConfiguration;
			buildSettings = {
				ASSETCATALOG_COMPILER_APPICON_NAME = AppIcon;
				INFOPLIST_FILE = "Swift_图片轮播器/Info.plist";
				LD_RUNPATH_SEARCH_PATHS = "$(inherited) @executable_path/Frameworks";
				PRODUCT_NAME = "$(TARGET_NAME)";
			};
			name = Release;
		};
		22C273981B1D40B100E0D23A /* Debug */ = {
			isa = XCBuildConfiguration;
			buildSettings = {
				BUNDLE_LOADER = "$(TEST_HOST)";
				FRAMEWORK_SEARCH_PATHS = (
					"$(SDKROOT)/Developer/Library/Frameworks",
					"$(inherited)",
				);
				GCC_PREPROCESSOR_DEFINITIONS = (
					"DEBUG=1",
					"$(inherited)",
				);
				INFOPLIST_FILE = "Swift_图片轮播器Tests/Info.plist";
				LD_RUNPATH_SEARCH_PATHS = "$(inherited) @executable_path/Frameworks @loader_path/Frameworks";
				PRODUCT_NAME = "$(TARGET_NAME)";
				TEST_HOST = "$(BUILT_PRODUCTS_DIR)/Swift_图片轮播器.app/Swift_图片轮播器";
			};
			name = Debug;
		};
		22C273991B1D40B100E0D23A /* Release */ = {
			isa = XCBuildConfiguration;
			buildSettings = {
				BUNDLE_LOADER = "$(TEST_HOST)";
				FRAMEWORK_SEARCH_PATHS = (
					"$(SDKROOT)/Developer/Library/Frameworks",
					"$(inherited)",
				);
				INFOPLIST_FILE = "Swift_图片轮播器Tests/Info.plist";
				LD_RUNPATH_SEARCH_PATHS = "$(inherited) @executable_path/Frameworks @loader_path/Frameworks";
				PRODUCT_NAME = "$(TARGET_NAME)";
				TEST_HOST = "$(BUILT_PRODUCTS_DIR)/Swift_图片轮播器.app/Swift_图片轮播器";
			};
			name = Release;
		};
/* End XCBuildConfiguration section */

/* Begin XCConfigurationList section */
		22C273701B1D40B100E0D23A /* Build configuration list for PBXProject "Swift_图片轮播器" */ = {
			isa = XCConfigurationList;
			buildConfigurations = (
				22C273921B1D40B100E0D23A /* Debug */,
				22C273931B1D40B100E0D23A /* Release */,
			);
			defaultConfigurationIsVisible = 0;
			defaultConfigurationName = Release;
		};
		22C273941B1D40B100E0D23A /* Build configuration list for PBXNativeTarget "Swift_图片轮播器" */ = {
			isa = XCConfigurationList;
			buildConfigurations = (
				22C273951B1D40B100E0D23A /* Debug */,
				22C273961B1D40B100E0D23A /* Release */,
			);
			defaultConfigurationIsVisible = 0;
			defaultConfigurationName = Release;
		};
		22C273971B1D40B100E0D23A /* Build configuration list for PBXNativeTarget "Swift_图片轮播器Tests" */ = {
			isa = XCConfigurationList;
			buildConfigurations = (
				22C273981B1D40B100E0D23A /* Debug */,
				22C273991B1D40B100E0D23A /* Release */,
			);
			defaultConfigurationIsVisible = 0;
			defaultConfigurationName = Release;
		};
/* End XCConfigurationList section */
	};
	rootObject = 22C2736D1B1D40B100E0D23A /* Project object */;
}
