// !$*UTF8*$!
{
	archiveVersion = 1;
	classes = {
	};
	objectVersion = 46;
	objects = {

/* Begin PBXBuildFile section */
		22B3F9C41B267A4F007DA94B /* AppDelegate.swift in Sources */ = {isa = PBXBuildFile; fileRef = 22B3F9C31B267A4F007DA94B /* AppDelegate.swift */; };
		22B3F9C61B267A4F007DA94B /* ViewController.swift in Sources */ = {isa = PBXBuildFile; fileRef = 22B3F9C51B267A4F007DA94B /* ViewController.swift */; };
		22B3F9C91B267A4F007DA94B /* Main.storyboard in Resources */ = {isa = PBXBuildFile; fileRef = 22B3F9C71B267A4F007DA94B /* Main.storyboard */; };
		22B3F9CB1B267A4F007DA94B /* Images.xcassets in Resources */ = {isa = PBXBuildFile; fileRef = 22B3F9CA1B267A4F007DA94B /* Images.xcassets */; };
		22B3F9CE1B267A4F007DA94B /* LaunchScreen.xib in Resources */ = {isa = PBXBuildFile; fileRef = 22B3F9CC1B267A4F007DA94B /* LaunchScreen.xib */; };
		22B3F9DA1B267A4F007DA94B /* Swift_LOL_HeroTests.swift in Sources */ = {isa = PBXBuildFile; fileRef = 22B3F9D91B267A4F007DA94B /* Swift_LOL_HeroTests.swift */; };
		22B3F9E41B267B6B007DA94B /* heros.plist in Resources */ = {isa = PBXBuildFile; fileRef = 22B3F9E31B267B6B007DA94B /* heros.plist */; };
		22B3F9E61B267BA5007DA94B /* ZYHero.swift in Sources */ = {isa = PBXBuildFile; fileRef = 22B3F9E51B267BA5007DA94B /* ZYHero.swift */; };
/* End PBXBuildFile section */

/* Begin PBXContainerItemProxy section */
		22B3F9D41B267A4F007DA94B /* PBXContainerItemProxy */ = {
			isa = PBXContainerItemProxy;
			containerPortal = 22B3F9B61B267A4F007DA94B /* Project object */;
			proxyType = 1;
			remoteGlobalIDString = 22B3F9BD1B267A4F007DA94B;
			remoteInfo = "Swift_LOL Hero";
		};
/* End PBXContainerItemProxy section */

/* Begin PBXFileReference section */
		22B3F9BE1B267A4F007DA94B /* Swift_LOL Hero.app */ = {isa = PBXFileReference; explicitFileType = wrapper.application; includeInIndex = 0; path = "Swift_LOL Hero.app"; sourceTree = BUILT_PRODUCTS_DIR; };
		22B3F9C21B267A4F007DA94B /* Info.plist */ = {isa = PBXFileReference; lastKnownFileType = text.plist.xml; path = Info.plist; sourceTree = "<group>"; };
		22B3F9C31B267A4F007DA94B /* AppDelegate.swift */ = {isa = PBXFileReference; lastKnownFileType = sourcecode.swift; path = AppDelegate.swift; sourceTree = "<group>"; };
		22B3F9C51B267A4F007DA94B /* ViewController.swift */ = {isa = PBXFileReference; lastKnownFileType = sourcecode.swift; path = ViewController.swift; sourceTree = "<group>"; };
		22B3F9C81B267A4F007DA94B /* Base */ = {isa = PBXFileReference; lastKnownFileType = file.storyboard; name = Base; path = Base.lproj/Main.storyboard; sourceTree = "<group>"; };
		22B3F9CA1B267A4F007DA94B /* Images.xcassets */ = {isa = PBXFileReference; lastKnownFileType = folder.assetcatalog; path = Images.xcassets; sourceTree = "<group>"; };
		22B3F9CD1B267A4F007DA94B /* Base */ = {isa = PBXFileReference; lastKnownFileType = file.xib; name = Base; path = Base.lproj/LaunchScreen.xib; sourceTree = "<group>"; };
		22B3F9D31B267A4F007DA94B /* Swift_LOL HeroTests.xctest */ = {isa = PBXFileReference; explicitFileType = wrapper.cfbundle; includeInIndex = 0; path = "Swift_LOL HeroTests.xctest"; sourceTree = BUILT_PRODUCTS_DIR; };
		22B3F9D81B267A4F007DA94B /* Info.plist */ = {isa = PBXFileReference; lastKnownFileType = text.plist.xml; path = Info.plist; sourceTree = "<group>"; };
		22B3F9D91B267A4F007DA94B /* Swift_LOL_HeroTests.swift */ = {isa = PBXFileReference; lastKnownFileType = sourcecode.swift; path = Swift_LOL_HeroTests.swift; sourceTree = "<group>"; };
		22B3F9E31B267B6B007DA94B /* heros.plist */ = {isa = PBXFileReference; fileEncoding = 4; lastKnownFileType = text.plist.xml; path = heros.plist; sourceTree = "<group>"; };
		22B3F9E51B267BA5007DA94B /* ZYHero.swift */ = {isa = PBXFileReference; fileEncoding = 4; lastKnownFileType = sourcecode.swift; path = ZYHero.swift; sourceTree = "<group>"; };
/* End PBXFileReference section */

/* Begin PBXFrameworksBuildPhase section */
		22B3F9BB1B267A4F007DA94B /* Frameworks */ = {
			isa = PBXFrameworksBuildPhase;
			buildActionMask = 2147483647;
			files = (
			);
			runOnlyForDeploymentPostprocessing = 0;
		};
		22B3F9D01B267A4F007DA94B /* Frameworks */ = {
			isa = PBXFrameworksBuildPhase;
			buildActionMask = 2147483647;
			files = (
			);
			runOnlyForDeploymentPostprocessing = 0;
		};
/* End PBXFrameworksBuildPhase section */

/* Begin PBXGroup section */
		22B3F9B51B267A4F007DA94B = {
			isa = PBXGroup;
			children = (
				22B3F9C01B267A4F007DA94B /* Swift_LOL Hero */,
				22B3F9D61B267A4F007DA94B /* Swift_LOL HeroTests */,
				22B3F9BF1B267A4F007DA94B /* Products */,
			);
			sourceTree = "<group>";
		};
		22B3F9BF1B267A4F007DA94B /* Products */ = {
			isa = PBXGroup;
			children = (
				22B3F9BE1B267A4F007DA94B /* Swift_LOL Hero.app */,
				22B3F9D31B267A4F007DA94B /* Swift_LOL HeroTests.xctest */,
			);
			name = Products;
			sourceTree = "<group>";
		};
		22B3F9C01B267A4F007DA94B /* Swift_LOL Hero */ = {
			isa = PBXGroup;
			children = (
				22B3F9C31B267A4F007DA94B /* AppDelegate.swift */,
				22B3F9C51B267A4F007DA94B /* ViewController.swift */,
				22B3F9E51B267BA5007DA94B /* ZYHero.swift */,
				22B3F9C71B267A4F007DA94B /* Main.storyboard */,
				22B3F9CA1B267A4F007DA94B /* Images.xcassets */,
				22B3F9CC1B267A4F007DA94B /* LaunchScreen.xib */,
				22B3F9C11B267A4F007DA94B /* Supporting Files */,
			);
			path = "Swift_LOL Hero";
			sourceTree = "<group>";
		};
		22B3F9C11B267A4F007DA94B /* Supporting Files */ = {
			isa = PBXGroup;
			children = (
				22B3F9E31B267B6B007DA94B /* heros.plist */,
				22B3F9C21B267A4F007DA94B /* Info.plist */,
			);
			name = "Supporting Files";
			sourceTree = "<group>";
		};
		22B3F9D61B267A4F007DA94B /* Swift_LOL HeroTests */ = {
			isa = PBXGroup;
			children = (
				22B3F9D91B267A4F007DA94B /* Swift_LOL_HeroTests.swift */,
				22B3F9D71B267A4F007DA94B /* Supporting Files */,
			);
			path = "Swift_LOL HeroTests";
			sourceTree = "<group>";
		};
		22B3F9D71B267A4F007DA94B /* Supporting Files */ = {
			isa = PBXGroup;
			children = (
				22B3F9D81B267A4F007DA94B /* Info.plist */,
			);
			name = "Supporting Files";
			sourceTree = "<group>";
		};
/* End PBXGroup section */

/* Begin PBXNativeTarget section */
		22B3F9BD1B267A4F007DA94B /* Swift_LOL Hero */ = {
			isa = PBXNativeTarget;
			buildConfigurationList = 22B3F9DD1B267A4F007DA94B /* Build configuration list for PBXNativeTarget "Swift_LOL Hero" */;
			buildPhases = (
				22B3F9BA1B267A4F007DA94B /* Sources */,
				22B3F9BB1B267A4F007DA94B /* Frameworks */,
				22B3F9BC1B267A4F007DA94B /* Resources */,
			);
			buildRules = (
			);
			dependencies = (
			);
			name = "Swift_LOL Hero";
			productName = "Swift_LOL Hero";
			productReference = 22B3F9BE1B267A4F007DA94B /* Swift_LOL Hero.app */;
			productType = "com.apple.product-type.application";
		};
		22B3F9D21B267A4F007DA94B /* Swift_LOL HeroTests */ = {
			isa = PBXNativeTarget;
			buildConfigurationList = 22B3F9E01B267A4F007DA94B /* Build configuration list for PBXNativeTarget "Swift_LOL HeroTests" */;
			buildPhases = (
				22B3F9CF1B267A4F007DA94B /* Sources */,
				22B3F9D01B267A4F007DA94B /* Frameworks */,
				22B3F9D11B267A4F007DA94B /* Resources */,
			);
			buildRules = (
			);
			dependencies = (
				22B3F9D51B267A4F007DA94B /* PBXTargetDependency */,
			);
			name = "Swift_LOL HeroTests";
			productName = "Swift_LOL HeroTests";
			productReference = 22B3F9D31B267A4F007DA94B /* Swift_LOL HeroTests.xctest */;
			productType = "com.apple.product-type.bundle.unit-test";
		};
/* End PBXNativeTarget section */

/* Begin PBXProject section */
		22B3F9B61B267A4F007DA94B /* Project object */ = {
			isa = PBXProject;
			attributes = {
				LastSwiftMigration = 0700;
				LastSwiftUpdateCheck = 0700;
				LastUpgradeCheck = 0630;
				ORGANIZATIONNAME = iOS_DevZhangYu;
				TargetAttributes = {
					22B3F9BD1B267A4F007DA94B = {
						CreatedOnToolsVersion = 6.3.2;
					};
					22B3F9D21B267A4F007DA94B = {
						CreatedOnToolsVersion = 6.3.2;
						TestTargetID = 22B3F9BD1B267A4F007DA94B;
					};
				};
			};
			buildConfigurationList = 22B3F9B91B267A4F007DA94B /* Build configuration list for PBXProject "Swift_LOL Hero" */;
			compatibilityVersion = "Xcode 3.2";
			developmentRegion = English;
			hasScannedForEncodings = 0;
			knownRegions = (
				en,
				Base,
			);
			mainGroup = 22B3F9B51B267A4F007DA94B;
			productRefGroup = 22B3F9BF1B267A4F007DA94B /* Products */;
			projectDirPath = "";
			projectRoot = "";
			targets = (
				22B3F9BD1B267A4F007DA94B /* Swift_LOL Hero */,
				22B3F9D21B267A4F007DA94B /* Swift_LOL HeroTests */,
			);
		};
/* End PBXProject section */

/* Begin PBXResourcesBuildPhase section */
		22B3F9BC1B267A4F007DA94B /* Resources */ = {
			isa = PBXResourcesBuildPhase;
			buildActionMask = 2147483647;
			files = (
				22B3F9C91B267A4F007DA94B /* Main.storyboard in Resources */,
				22B3F9CE1B267A4F007DA94B /* LaunchScreen.xib in Resources */,
				22B3F9E41B267B6B007DA94B /* heros.plist in Resources */,
				22B3F9CB1B267A4F007DA94B /* Images.xcassets in Resources */,
			);
			runOnlyForDeploymentPostprocessing = 0;
		};
		22B3F9D11B267A4F007DA94B /* Resources */ = {
			isa = PBXResourcesBuildPhase;
			buildActionMask = 2147483647;
			files = (
			);
			runOnlyForDeploymentPostprocessing = 0;
		};
/* End PBXResourcesBuildPhase section */

/* Begin PBXSourcesBuildPhase section */
		22B3F9BA1B267A4F007DA94B /* Sources */ = {
			isa = PBXSourcesBuildPhase;
			buildActionMask = 2147483647;
			files = (
				22B3F9C61B267A4F007DA94B /* ViewController.swift in Sources */,
				22B3F9C41B267A4F007DA94B /* AppDelegate.swift in Sources */,
				22B3F9E61B267BA5007DA94B /* ZYHero.swift in Sources */,
			);
			runOnlyForDeploymentPostprocessing = 0;
		};
		22B3F9CF1B267A4F007DA94B /* Sources */ = {
			isa = PBXSourcesBuildPhase;
			buildActionMask = 2147483647;
			files = (
				22B3F9DA1B267A4F007DA94B /* Swift_LOL_HeroTests.swift in Sources */,
			);
			runOnlyForDeploymentPostprocessing = 0;
		};
/* End PBXSourcesBuildPhase section */

/* Begin PBXTargetDependency section */
		22B3F9D51B267A4F007DA94B /* PBXTargetDependency */ = {
			isa = PBXTargetDependency;
			target = 22B3F9BD1B267A4F007DA94B /* Swift_LOL Hero */;
			targetProxy = 22B3F9D41B267A4F007DA94B /* PBXContainerItemProxy */;
		};
/* End PBXTargetDependency section */

/* Begin PBXVariantGroup section */
		22B3F9C71B267A4F007DA94B /* Main.storyboard */ = {
			isa = PBXVariantGroup;
			children = (
				22B3F9C81B267A4F007DA94B /* Base */,
			);
			name = Main.storyboard;
			sourceTree = "<group>";
		};
		22B3F9CC1B267A4F007DA94B /* LaunchScreen.xib */ = {
			isa = PBXVariantGroup;
			children = (
				22B3F9CD1B267A4F007DA94B /* Base */,
			);
			name = LaunchScreen.xib;
			sourceTree = "<group>";
		};
/* End PBXVariantGroup section */

/* Begin XCBuildConfiguration section */
		22B3F9DB1B267A4F007DA94B /* Debug */ = {
			isa = XCBuildConfiguration;
			buildSettings = {
				ALWAYS_SEARCH_USER_PATHS = NO;
				CLANG_CXX_LANGUAGE_STANDARD = "gnu++0x";
				CLANG_CXX_LIBRARY = "libc++";
				CLANG_ENABLE_MODULES = YES;
				CLANG_ENABLE_OBJC_ARC = YES;
				CLANG_WARN_BOOL_CONVERSION = YES;
				CLANG_WARN_CONSTANT_CONVERSION = YES;
				CLANG_WARN_DIRECT_OBJC_ISA_USAGE = YES_ERROR;
				CLANG_WARN_EMPTY_BODY = YES;
				CLANG_WARN_ENUM_CONVERSION = YES;
				CLANG_WARN_INT_CONVERSION = YES;
				CLANG_WARN_OBJC_ROOT_CLASS = YES_ERROR;
				CLANG_WARN_UNREACHABLE_CODE = YES;
				CLANG_WARN__DUPLICATE_METHOD_MATCH = YES;
				"CODE_SIGN_IDENTITY[sdk=iphoneos*]" = "iPhone Developer";
				COPY_PHASE_STRIP = NO;
				DEBUG_INFORMATION_FORMAT = "dwarf-with-dsym";
				ENABLE_STRICT_OBJC_MSGSEND = YES;
				GCC_C_LANGUAGE_STANDARD = gnu99;
				GCC_DYNAMIC_NO_PIC = NO;
				GCC_NO_COMMON_BLOCKS = YES;
				GCC_OPTIMIZATION_LEVEL = 0;
				GCC_PREPROCESSOR_DEFINITIONS = (
					"DEBUG=1",
					"$(inherited)",
				);
				GCC_SYMBOLS_PRIVATE_EXTERN = NO;
				GCC_WARN_64_TO_32_BIT_CONVERSION = YES;
				GCC_WARN_ABOUT_RETURN_TYPE = YES_ERROR;
				GCC_WARN_UNDECLARED_SELECTOR = YES;
				GCC_WARN_UNINITIALIZED_AUTOS = YES_AGGRESSIVE;
				GCC_WARN_UNUSED_FUNCTION = YES;
				GCC_WARN_UNUSED_VARIABLE = YES;
				IPHONEOS_DEPLOYMENT_TARGET = 8.3;
				MTL_ENABLE_DEBUG_INFO = YES;
				ONLY_ACTIVE_ARCH = YES;
				SDKROOT = iphoneos;
				SWIFT_OPTIMIZATION_LEVEL = "-Onone";
			};
			name = Debug;
		};
		22B3F9DC1B267A4F007DA94B /* Release */ = {
			isa = XCBuildConfiguration;
			buildSettings = {
				ALWAYS_SEARCH_USER_PATHS = NO;
				CLANG_CXX_LANGUAGE_STANDARD = "gnu++0x";
				CLANG_CXX_LIBRARY = "libc++";
				CLANG_ENABLE_MODULES = YES;
				CLANG_ENABLE_OBJC_ARC = YES;
				CLANG_WARN_BOOL_CONVERSION = YES;
				CLANG_WARN_CONSTANT_CONVERSION = YES;
				CLANG_WARN_DIRECT_OBJC_ISA_USAGE = YES_ERROR;
				CLANG_WARN_EMPTY_BODY = YES;
				CLANG_WARN_ENUM_CONVERSION = YES;
				CLANG_WARN_INT_CONVERSION = YES;
				CLANG_WARN_OBJC_ROOT_CLASS = YES_ERROR;
				CLANG_WARN_UNREACHABLE_CODE = YES;
				CLANG_WARN__DUPLICATE_METHOD_MATCH = YES;
				"CODE_SIGN_IDENTITY[sdk=iphoneos*]" = "iPhone Developer";
				COPY_PHASE_STRIP = NO;
				DEBUG_INFORMATION_FORMAT = "dwarf-with-dsym";
				ENABLE_NS_ASSERTIONS = NO;
				ENABLE_STRICT_OBJC_MSGSEND = YES;
				GCC_C_LANGUAGE_STANDARD = gnu99;
				GCC_NO_COMMON_BLOCKS = YES;
				GCC_WARN_64_TO_32_BIT_CONVERSION = YES;
				GCC_WARN_ABOUT_RETURN_TYPE = YES_ERROR;
				GCC_WARN_UNDECLARED_SELECTOR = YES;
				GCC_WARN_UNINITIALIZED_AUTOS = YES_AGGRESSIVE;
				GCC_WARN_UNUSED_FUNCTION = YES;
				GCC_WARN_UNUSED_VARIABLE = YES;
				IPHONEOS_DEPLOYMENT_TARGET = 8.3;
				MTL_ENABLE_DEBUG_INFO = NO;
				SDKROOT = iphoneos;
				VALIDATE_PRODUCT = YES;
			};
			name = Release;
		};
		22B3F9DE1B267A4F007DA94B /* Debug */ = {
			isa = XCBuildConfiguration;
			buildSettings = {
				ASSETCATALOG_COMPILER_APPICON_NAME = AppIcon;
				INFOPLIST_FILE = "Swift_LOL Hero/Info.plist";
				LD_RUNPATH_SEARCH_PATHS = "$(inherited) @executable_path/Frameworks";
				PRODUCT_NAME = "$(TARGET_NAME)";
			};
			name = Debug;
		};
		22B3F9DF1B267A4F007DA94B /* Release */ = {
			isa = XCBuildConfiguration;
			buildSettings = {
				ASSETCATALOG_COMPILER_APPICON_NAME = AppIcon;
				INFOPLIST_FILE = "Swift_LOL Hero/Info.plist";
				LD_RUNPATH_SEARCH_PATHS = "$(inherited) @executable_path/Frameworks";
				PRODUCT_NAME = "$(TARGET_NAME)";
			};
			name = Release;
		};
		22B3F9E11B267A4F007DA94B /* Debug */ = {
			isa = XCBuildConfiguration;
			buildSettings = {
				BUNDLE_LOADER = "$(TEST_HOST)";
				FRAMEWORK_SEARCH_PATHS = (
					"$(SDKROOT)/Developer/Library/Frameworks",
					"$(inherited)",
				);
				GCC_PREPROCESSOR_DEFINITIONS = (
					"DEBUG=1",
					"$(inherited)",
				);
				INFOPLIST_FILE = "Swift_LOL HeroTests/Info.plist";
				LD_RUNPATH_SEARCH_PATHS = "$(inherited) @executable_path/Frameworks @loader_path/Frameworks";
				PRODUCT_NAME = "$(TARGET_NAME)";
				TEST_HOST = "$(BUILT_PRODUCTS_DIR)/Swift_LOL Hero.app/Swift_LOL Hero";
			};
			name = Debug;
		};
		22B3F9E21B267A4F007DA94B /* Release */ = {
			isa = XCBuildConfiguration;
			buildSettings = {
				BUNDLE_LOADER = "$(TEST_HOST)";
				FRAMEWORK_SEARCH_PATHS = (
					"$(SDKROOT)/Developer/Library/Frameworks",
					"$(inherited)",
				);
				INFOPLIST_FILE = "Swift_LOL HeroTests/Info.plist";
				LD_RUNPATH_SEARCH_PATHS = "$(inherited) @executable_path/Frameworks @loader_path/Frameworks";
				PRODUCT_NAME = "$(TARGET_NAME)";
				TEST_HOST = "$(BUILT_PRODUCTS_DIR)/Swift_LOL Hero.app/Swift_LOL Hero";
			};
			name = Release;
		};
/* End XCBuildConfiguration section */

/* Begin XCConfigurationList section */
		22B3F9B91B267A4F007DA94B /* Build configuration list for PBXProject "Swift_LOL Hero" */ = {
			isa = XCConfigurationList;
			buildConfigurations = (
				22B3F9DB1B267A4F007DA94B /* Debug */,
				22B3F9DC1B267A4F007DA94B /* Release */,
			);
			defaultConfigurationIsVisible = 0;
			defaultConfigurationName = Release;
		};
		22B3F9DD1B267A4F007DA94B /* Build configuration list for PBXNativeTarget "Swift_LOL Hero" */ = {
			isa = XCConfigurationList;
			buildConfigurations = (
				22B3F9DE1B267A4F007DA94B /* Debug */,
				22B3F9DF1B267A4F007DA94B /* Release */,
			);
			defaultConfigurationIsVisible = 0;
			defaultConfigurationName = Release;
		};
		22B3F9E01B267A4F007DA94B /* Build configuration list for PBXNativeTarget "Swift_LOL HeroTests" */ = {
			isa = XCConfigurationList;
			buildConfigurations = (
				22B3F9E11B267A4F007DA94B /* Debug */,
				22B3F9E21B267A4F007DA94B /* Release */,
			);
			defaultConfigurationIsVisible = 0;
			defaultConfigurationName = Release;
		};
/* End XCConfigurationList section */
	};
	rootObject = 22B3F9B61B267A4F007DA94B /* Project object */;
}
